
Microsoft Visual Studio Solution File, Format Version 12.00
# Visual Studio Version 16
VisualStudioVersion = 16.0.30320.27
MinimumVisualStudioVersion = 10.0.40219.1
Project("{FAE04EC0-301F-11D3-BF4B-00C04F79EFBC}") = "MyStore", "MyStore\MyStore.csproj", "{7120C056-1E3D-482B-A293-38871BE38E36}"
EndProject
Global
	GlobalSection(SolutionConfigurationPlatforms) = preSolution
		Debug|Any CPU = Debug|Any CPU
		Release|Any CPU = Release|Any CPU
	EndGlobalSection
	GlobalSection(ProjectConfigurationPlatforms) = postSolution
		{7120C056-1E3D-482B-A293-38871BE38E36}.Debug|Any CPU.ActiveCfg = Debug|Any CPU
		{7120C056-1E3D-482B-A293-38871BE38E36}.Debug|Any CPU.Build.0 = Debug|Any CPU
		{7120C056-1E3D-482B-A293-38871BE38E36}.Release|Any CPU.ActiveCfg = Release|Any CPU
		{7120C056-1E3D-482B-A293-38871BE38E36}.Release|Any CPU.Build.0 = Release|Any CPU
	EndGlobalSection
	GlobalSection(SolutionProperties) = preSolution
		HideSolutionNode = FALSE
	EndGlobalSection
	GlobalSection(ExtensibilityGlobals) = postSolution
		SolutionGuid = {56B56E26-039A-4ED3-876B-4F0346AFDB74}
	EndGlobalSection
EndGlobal
